// !$*UTF8*$!
{
	archiveVersion = 1;
	classes = {
	};
	objectVersion = 46;
	objects = {

/* Begin PBXBuildFile section */
		1F17A49D1963015200A9D50F /* Request.swift in Sources */ = {isa = PBXBuildFile; fileRef = 1F17A4981963015200A9D50F /* Request.swift */; };
		1F17A49E1963015200A9D50F /* Answer.swift in Sources */ = {isa = PBXBuildFile; fileRef = 1F17A4991963015200A9D50F /* Answer.swift */; };
		1F17A49F1963015200A9D50F /* Question.swift in Sources */ = {isa = PBXBuildFile; fileRef = 1F17A49A1963015200A9D50F /* Question.swift */; };
		1F17A4A01963015200A9D50F /* User.swift in Sources */ = {isa = PBXBuildFile; fileRef = 1F17A49B1963015200A9D50F /* User.swift */; };
		1F17A4A11963015200A9D50F /* Game.swift in Sources */ = {isa = PBXBuildFile; fileRef = 1F17A49C1963015200A9D50F /* Game.swift */; };
		1F17A4A51963019B00A9D50F /* Atom.swift in Sources */ = {isa = PBXBuildFile; fileRef = 1F17A4A21963019B00A9D50F /* Atom.swift */; };
		1F17A4A61963019B00A9D50F /* Bond.swift in Sources */ = {isa = PBXBuildFile; fileRef = 1F17A4A31963019B00A9D50F /* Bond.swift */; };
		1F17A4A71963019B00A9D50F /* Molecule.swift in Sources */ = {isa = PBXBuildFile; fileRef = 1F17A4A41963019B00A9D50F /* Molecule.swift */; };
		1F17A4AD196303BB00A9D50F /* EventLogger.swift in Sources */ = {isa = PBXBuildFile; fileRef = 1F17A4AB196303BB00A9D50F /* EventLogger.swift */; };
		1F17A4AE196303BB00A9D50F /* ImageLoader.swift in Sources */ = {isa = PBXBuildFile; fileRef = 1F17A4AC196303BB00A9D50F /* ImageLoader.swift */; };
		1F17A4B0196303F900A9D50F /* VecOp.swift in Sources */ = {isa = PBXBuildFile; fileRef = 1F17A4AF196303F900A9D50F /* VecOp.swift */; };
		1F17A4B31963040400A9D50F /* MoleculeGeometry.swift in Sources */ = {isa = PBXBuildFile; fileRef = 1F17A4B11963040400A9D50F /* MoleculeGeometry.swift */; };
		1F17A4B41963040400A9D50F /* SDFParser.swift in Sources */ = {isa = PBXBuildFile; fileRef = 1F17A4B21963040400A9D50F /* SDFParser.swift */; };
		1FB71E981961FBE60054FB44 /* AppDelegate.swift in Sources */ = {isa = PBXBuildFile; fileRef = 1FB71E971961FBE60054FB44 /* AppDelegate.swift */; };
		1FB71E9D1961FBE60054FB44 /* Main.storyboard in Resources */ = {isa = PBXBuildFile; fileRef = 1FB71E9B1961FBE60054FB44 /* Main.storyboard */; };
		1FB71E9F1961FBE60054FB44 /* Images.xcassets in Resources */ = {isa = PBXBuildFile; fileRef = 1FB71E9E1961FBE60054FB44 /* Images.xcassets */; };
		1FB71EAB1961FBE60054FB44 /* MoleculeFlashcardsiOSTests.swift in Sources */ = {isa = PBXBuildFile; fileRef = 1FB71EAA1961FBE60054FB44 /* MoleculeFlashcardsiOSTests.swift */; };
		1FB71EB5196202640054FB44 /* MainController.swift in Sources */ = {isa = PBXBuildFile; fileRef = 1FB71EB4196202640054FB44 /* MainController.swift */; };
/* End PBXBuildFile section */

/* Begin PBXContainerItemProxy section */
		1FB71EA51961FBE60054FB44 /* PBXContainerItemProxy */ = {
			isa = PBXContainerItemProxy;
			containerPortal = 1FB71E8A1961FBE60054FB44 /* Project object */;
			proxyType = 1;
			remoteGlobalIDString = 1FB71E911961FBE60054FB44;
			remoteInfo = MoleculeFlashcardsiOS;
		};
/* End PBXContainerItemProxy section */

/* Begin PBXFileReference section */
		1F17A4981963015200A9D50F /* Request.swift */ = {isa = PBXFileReference; fileEncoding = 4; lastKnownFileType = sourcecode.swift; name = Request.swift; path = ../Request.swift; sourceTree = "<group>"; };
		1F17A4991963015200A9D50F /* Answer.swift */ = {isa = PBXFileReference; fileEncoding = 4; lastKnownFileType = sourcecode.swift; name = Answer.swift; path = ../Answer.swift; sourceTree = "<group>"; };
		1F17A49A1963015200A9D50F /* Question.swift */ = {isa = PBXFileReference; fileEncoding = 4; lastKnownFileType = sourcecode.swift; name = Question.swift; path = ../Question.swift; sourceTree = "<group>"; };
		1F17A49B1963015200A9D50F /* User.swift */ = {isa = PBXFileReference; fileEncoding = 4; lastKnownFileType = sourcecode.swift; name = User.swift; path = ../User.swift; sourceTree = "<group>"; };
		1F17A49C1963015200A9D50F /* Game.swift */ = {isa = PBXFileReference; fileEncoding = 4; lastKnownFileType = sourcecode.swift; name = Game.swift; path = ../Game.swift; sourceTree = "<group>"; };
		1F17A4A21963019B00A9D50F /* Atom.swift */ = {isa = PBXFileReference; fileEncoding = 4; lastKnownFileType = sourcecode.swift; name = Atom.swift; path = ../Atom.swift; sourceTree = "<group>"; };
		1F17A4A31963019B00A9D50F /* Bond.swift */ = {isa = PBXFileReference; fileEncoding = 4; lastKnownFileType = sourcecode.swift; name = Bond.swift; path = ../Bond.swift; sourceTree = "<group>"; };
		1F17A4A41963019B00A9D50F /* Molecule.swift */ = {isa = PBXFileReference; fileEncoding = 4; lastKnownFileType = sourcecode.swift; name = Molecule.swift; path = ../Molecule.swift; sourceTree = "<group>"; };
		1F17A4AB196303BB00A9D50F /* EventLogger.swift */ = {isa = PBXFileReference; fileEncoding = 4; lastKnownFileType = sourcecode.swift; path = EventLogger.swift; sourceTree = "<group>"; };
		1F17A4AC196303BB00A9D50F /* ImageLoader.swift */ = {isa = PBXFileReference; fileEncoding = 4; lastKnownFileType = sourcecode.swift; path = ImageLoader.swift; sourceTree = "<group>"; };
		1F17A4AF196303F900A9D50F /* VecOp.swift */ = {isa = PBXFileReference; fileEncoding = 4; lastKnownFileType = sourcecode.swift; path = VecOp.swift; sourceTree = "<group>"; };
		1F17A4B11963040400A9D50F /* MoleculeGeometry.swift */ = {isa = PBXFileReference; fileEncoding = 4; lastKnownFileType = sourcecode.swift; path = MoleculeGeometry.swift; sourceTree = "<group>"; };
		1F17A4B21963040400A9D50F /* SDFParser.swift */ = {isa = PBXFileReference; fileEncoding = 4; lastKnownFileType = sourcecode.swift; path = SDFParser.swift; sourceTree = "<group>"; };
		1FB71E921961FBE60054FB44 /* MoleculeFlashcardsiOS.app */ = {isa = PBXFileReference; explicitFileType = wrapper.application; includeInIndex = 0; path = MoleculeFlashcardsiOS.app; sourceTree = BUILT_PRODUCTS_DIR; };
		1FB71E961961FBE60054FB44 /* Info.plist */ = {isa = PBXFileReference; lastKnownFileType = text.plist.xml; path = Info.plist; sourceTree = "<group>"; };
		1FB71E971961FBE60054FB44 /* AppDelegate.swift */ = {isa = PBXFileReference; lastKnownFileType = sourcecode.swift; path = AppDelegate.swift; sourceTree = "<group>"; };
		1FB71E9C1961FBE60054FB44 /* Base */ = {isa = PBXFileReference; lastKnownFileType = file.storyboard; name = Base; path = Base.lproj/Main.storyboard; sourceTree = "<group>"; };
		1FB71E9E1961FBE60054FB44 /* Images.xcassets */ = {isa = PBXFileReference; lastKnownFileType = folder.assetcatalog; path = Images.xcassets; sourceTree = "<group>"; };
		1FB71EA41961FBE60054FB44 /* MoleculeFlashcardsiOSTests.xctest */ = {isa = PBXFileReference; explicitFileType = wrapper.cfbundle; includeInIndex = 0; path = MoleculeFlashcardsiOSTests.xctest; sourceTree = BUILT_PRODUCTS_DIR; };
		1FB71EA91961FBE60054FB44 /* Info.plist */ = {isa = PBXFileReference; lastKnownFileType = text.plist.xml; path = Info.plist; sourceTree = "<group>"; };
		1FB71EAA1961FBE60054FB44 /* MoleculeFlashcardsiOSTests.swift */ = {isa = PBXFileReference; lastKnownFileType = sourcecode.swift; path = MoleculeFlashcardsiOSTests.swift; sourceTree = "<group>"; };
		1FB71EB4196202640054FB44 /* MainController.swift */ = {isa = PBXFileReference; fileEncoding = 4; lastKnownFileType = sourcecode.swift; path = MainController.swift; sourceTree = "<group>"; };
/* End PBXFileReference section */

/* Begin PBXFrameworksBuildPhase section */
		1FB71E8F1961FBE60054FB44 /* Frameworks */ = {
			isa = PBXFrameworksBuildPhase;
			buildActionMask = 2147483647;
			files = (
			);
			runOnlyForDeploymentPostprocessing = 0;
		};
		1FB71EA11961FBE60054FB44 /* Frameworks */ = {
			isa = PBXFrameworksBuildPhase;
			buildActionMask = 2147483647;
			files = (
			);
			runOnlyForDeploymentPostprocessing = 0;
		};
/* End PBXFrameworksBuildPhase section */

/* Begin PBXGroup section */
		1F17A4971963010300A9D50F /* communication */ = {
			isa = PBXGroup;
			children = (
				1F17A4981963015200A9D50F /* Request.swift */,
				1F17A4991963015200A9D50F /* Answer.swift */,
				1F17A49A1963015200A9D50F /* Question.swift */,
				1F17A49B1963015200A9D50F /* User.swift */,
				1F17A49C1963015200A9D50F /* Game.swift */,
			);
			name = communication;
			sourceTree = "<group>";
		};
		1F17A4AA196303A900A9D50F /* util */ = {
			isa = PBXGroup;
			children = (
				1F17A4AF196303F900A9D50F /* VecOp.swift */,
				1F17A4AB196303BB00A9D50F /* EventLogger.swift */,
				1F17A4AC196303BB00A9D50F /* ImageLoader.swift */,
			);
			name = util;
			sourceTree = "<group>";
		};
		1FB71E891961FBE60054FB44 = {
			isa = PBXGroup;
			children = (
				1FB71E941961FBE60054FB44 /* MoleculeFlashcardsiOS */,
				1FB71EA71961FBE60054FB44 /* MoleculeFlashcardsiOSTests */,
				1FB71E931961FBE60054FB44 /* Products */,
			);
			sourceTree = "<group>";
		};
		1FB71E931961FBE60054FB44 /* Products */ = {
			isa = PBXGroup;
			children = (
				1FB71E921961FBE60054FB44 /* MoleculeFlashcardsiOS.app */,
				1FB71EA41961FBE60054FB44 /* MoleculeFlashcardsiOSTests.xctest */,
			);
			name = Products;
			sourceTree = "<group>";
		};
		1FB71E941961FBE60054FB44 /* MoleculeFlashcardsiOS */ = {
			isa = PBXGroup;
			children = (
				1F17A4B11963040400A9D50F /* MoleculeGeometry.swift */,
				1F17A4B21963040400A9D50F /* SDFParser.swift */,
				1F17A4AA196303A900A9D50F /* util */,
				1F17A4A21963019B00A9D50F /* Atom.swift */,
				1F17A4A31963019B00A9D50F /* Bond.swift */,
				1F17A4A41963019B00A9D50F /* Molecule.swift */,
				1F17A4971963010300A9D50F /* communication */,
				1FB71E971961FBE60054FB44 /* AppDelegate.swift */,
				1FB71E9B1961FBE60054FB44 /* Main.storyboard */,
				1FB71E9E1961FBE60054FB44 /* Images.xcassets */,
				1FB71EB4196202640054FB44 /* MainController.swift */,
				1FB71E951961FBE60054FB44 /* Supporting Files */,
			);
			path = MoleculeFlashcardsiOS;
			sourceTree = "<group>";
		};
		1FB71E951961FBE60054FB44 /* Supporting Files */ = {
			isa = PBXGroup;
			children = (
				1FB71E961961FBE60054FB44 /* Info.plist */,
			);
			name = "Supporting Files";
			sourceTree = "<group>";
		};
		1FB71EA71961FBE60054FB44 /* MoleculeFlashcardsiOSTests */ = {
			isa = PBXGroup;
			children = (
				1FB71EAA1961FBE60054FB44 /* MoleculeFlashcardsiOSTests.swift */,
				1FB71EA81961FBE60054FB44 /* Supporting Files */,
			);
			path = MoleculeFlashcardsiOSTests;
			sourceTree = "<group>";
		};
		1FB71EA81961FBE60054FB44 /* Supporting Files */ = {
			isa = PBXGroup;
			children = (
				1FB71EA91961FBE60054FB44 /* Info.plist */,
			);
			name = "Supporting Files";
			sourceTree = "<group>";
		};
/* End PBXGroup section */

/* Begin PBXNativeTarget section */
		1FB71E911961FBE60054FB44 /* MoleculeFlashcardsiOS */ = {
			isa = PBXNativeTarget;
			buildConfigurationList = 1FB71EAE1961FBE60054FB44 /* Build configuration list for PBXNativeTarget "MoleculeFlashcardsiOS" */;
			buildPhases = (
				1FB71E8E1961FBE60054FB44 /* Sources */,
				1FB71E8F1961FBE60054FB44 /* Frameworks */,
				1FB71E901961FBE60054FB44 /* Resources */,
			);
			buildRules = (
			);
			dependencies = (
			);
			name = MoleculeFlashcardsiOS;
			productName = MoleculeFlashcardsiOS;
			productReference = 1FB71E921961FBE60054FB44 /* MoleculeFlashcardsiOS.app */;
			productType = "com.apple.product-type.application";
		};
		1FB71EA31961FBE60054FB44 /* MoleculeFlashcardsiOSTests */ = {
			isa = PBXNativeTarget;
			buildConfigurationList = 1FB71EB11961FBE60054FB44 /* Build configuration list for PBXNativeTarget "MoleculeFlashcardsiOSTests" */;
			buildPhases = (
				1FB71EA01961FBE60054FB44 /* Sources */,
				1FB71EA11961FBE60054FB44 /* Frameworks */,
				1FB71EA21961FBE60054FB44 /* Resources */,
			);
			buildRules = (
			);
			dependencies = (
				1FB71EA61961FBE60054FB44 /* PBXTargetDependency */,
			);
			name = MoleculeFlashcardsiOSTests;
			productName = MoleculeFlashcardsiOSTests;
			productReference = 1FB71EA41961FBE60054FB44 /* MoleculeFlashcardsiOSTests.xctest */;
			productType = "com.apple.product-type.bundle.unit-test";
		};
/* End PBXNativeTarget section */

/* Begin PBXProject section */
		1FB71E8A1961FBE60054FB44 /* Project object */ = {
			isa = PBXProject;
			attributes = {
				LastUpgradeCheck = 0600;
				ORGANIZATIONNAME = exscitech;
				TargetAttributes = {
					1FB71E911961FBE60054FB44 = {
						CreatedOnToolsVersion = 6.0;
					};
					1FB71EA31961FBE60054FB44 = {
						CreatedOnToolsVersion = 6.0;
						TestTargetID = 1FB71E911961FBE60054FB44;
					};
				};
			};
			buildConfigurationList = 1FB71E8D1961FBE60054FB44 /* Build configuration list for PBXProject "MoleculeFlashcardsiOS" */;
			compatibilityVersion = "Xcode 3.2";
			developmentRegion = English;
			hasScannedForEncodings = 0;
			knownRegions = (
				en,
				Base,
			);
			mainGroup = 1FB71E891961FBE60054FB44;
			productRefGroup = 1FB71E931961FBE60054FB44 /* Products */;
			projectDirPath = "";
			projectRoot = "";
			targets = (
				1FB71E911961FBE60054FB44 /* MoleculeFlashcardsiOS */,
				1FB71EA31961FBE60054FB44 /* MoleculeFlashcardsiOSTests */,
			);
		};
/* End PBXProject section */

/* Begin PBXResourcesBuildPhase section */
		1FB71E901961FBE60054FB44 /* Resources */ = {
			isa = PBXResourcesBuildPhase;
			buildActionMask = 2147483647;
			files = (
				1FB71E9D1961FBE60054FB44 /* Main.storyboard in Resources */,
				1FB71E9F1961FBE60054FB44 /* Images.xcassets in Resources */,
			);
			runOnlyForDeploymentPostprocessing = 0;
		};
		1FB71EA21961FBE60054FB44 /* Resources */ = {
			isa = PBXResourcesBuildPhase;
			buildActionMask = 2147483647;
			files = (
			);
			runOnlyForDeploymentPostprocessing = 0;
		};
/* End PBXResourcesBuildPhase section */

/* Begin PBXSourcesBuildPhase section */
		1FB71E8E1961FBE60054FB44 /* Sources */ = {
			isa = PBXSourcesBuildPhase;
			buildActionMask = 2147483647;
			files = (
				1F17A49F1963015200A9D50F /* Question.swift in Sources */,
				1F17A4B31963040400A9D50F /* MoleculeGeometry.swift in Sources */,
				1FB71EB5196202640054FB44 /* MainController.swift in Sources */,
				1F17A4B0196303F900A9D50F /* VecOp.swift in Sources */,
				1F17A4AE196303BB00A9D50F /* ImageLoader.swift in Sources */,
				1F17A4AD196303BB00A9D50F /* EventLogger.swift in Sources */,
				1F17A4A11963015200A9D50F /* Game.swift in Sources */,
				1F17A4B41963040400A9D50F /* SDFParser.swift in Sources */,
				1F17A4A01963015200A9D50F /* User.swift in Sources */,
				1F17A49D1963015200A9D50F /* Request.swift in Sources */,
				1F17A4A61963019B00A9D50F /* Bond.swift in Sources */,
				1FB71E981961FBE60054FB44 /* AppDelegate.swift in Sources */,
				1F17A4A71963019B00A9D50F /* Molecule.swift in Sources */,
				1F17A4A51963019B00A9D50F /* Atom.swift in Sources */,
				1F17A49E1963015200A9D50F /* Answer.swift in Sources */,
			);
			runOnlyForDeploymentPostprocessing = 0;
		};
		1FB71EA01961FBE60054FB44 /* Sources */ = {
			isa = PBXSourcesBuildPhase;
			buildActionMask = 2147483647;
			files = (
				1FB71EAB1961FBE60054FB44 /* MoleculeFlashcardsiOSTests.swift in Sources */,
			);
			runOnlyForDeploymentPostprocessing = 0;
		};
/* End PBXSourcesBuildPhase section */

/* Begin PBXTargetDependency section */
		1FB71EA61961FBE60054FB44 /* PBXTargetDependency */ = {
			isa = PBXTargetDependency;
			target = 1FB71E911961FBE60054FB44 /* MoleculeFlashcardsiOS */;
			targetProxy = 1FB71EA51961FBE60054FB44 /* PBXContainerItemProxy */;
		};
/* End PBXTargetDependency section */

/* Begin PBXVariantGroup section */
		1FB71E9B1961FBE60054FB44 /* Main.storyboard */ = {
			isa = PBXVariantGroup;
			children = (
				1FB71E9C1961FBE60054FB44 /* Base */,
			);
			name = Main.storyboard;
			sourceTree = "<group>";
		};
/* End PBXVariantGroup section */

/* Begin XCBuildConfiguration section */
		1FB71EAC1961FBE60054FB44 /* Debug */ = {
			isa = XCBuildConfiguration;
			buildSettings = {
				ALWAYS_SEARCH_USER_PATHS = NO;
				CLANG_CXX_LANGUAGE_STANDARD = "gnu++0x";
				CLANG_CXX_LIBRARY = "libc++";
				CLANG_ENABLE_MODULES = YES;
				CLANG_ENABLE_OBJC_ARC = YES;
				CLANG_WARN_BOOL_CONVERSION = YES;
				CLANG_WARN_CONSTANT_CONVERSION = YES;
				CLANG_WARN_DIRECT_OBJC_ISA_USAGE = YES_ERROR;
				CLANG_WARN_EMPTY_BODY = YES;
				CLANG_WARN_ENUM_CONVERSION = YES;
				CLANG_WARN_INT_CONVERSION = YES;
				CLANG_WARN_OBJC_ROOT_CLASS = YES_ERROR;
				CLANG_WARN_UNREACHABLE_CODE = YES;
				CLANG_WARN__DUPLICATE_METHOD_MATCH = YES;
				"CODE_SIGN_IDENTITY[sdk=iphoneos*]" = "iPhone Developer";
				COPY_PHASE_STRIP = NO;
				ENABLE_STRICT_OBJC_MSGSEND = YES;
				GCC_C_LANGUAGE_STANDARD = gnu99;
				GCC_DYNAMIC_NO_PIC = NO;
				GCC_OPTIMIZATION_LEVEL = 0;
				GCC_PREPROCESSOR_DEFINITIONS = (
					"DEBUG=1",
					"$(inherited)",
				);
				GCC_SYMBOLS_PRIVATE_EXTERN = NO;
				GCC_WARN_64_TO_32_BIT_CONVERSION = YES;
				GCC_WARN_ABOUT_RETURN_TYPE = YES_ERROR;
				GCC_WARN_UNDECLARED_SELECTOR = YES;
				GCC_WARN_UNINITIALIZED_AUTOS = YES_AGGRESSIVE;
				GCC_WARN_UNUSED_FUNCTION = YES;
				GCC_WARN_UNUSED_VARIABLE = YES;
				IPHONEOS_DEPLOYMENT_TARGET = 8.0;
				METAL_ENABLE_DEBUG_INFO = YES;
				ONLY_ACTIVE_ARCH = YES;
				SDKROOT = iphoneos;
				SWIFT_OPTIMIZATION_LEVEL = "-Onone";
				TARGETED_DEVICE_FAMILY = "1,2";
			};
			name = Debug;
		};
		1FB71EAD1961FBE60054FB44 /* Release */ = {
			isa = XCBuildConfiguration;
			buildSettings = {
				ALWAYS_SEARCH_USER_PATHS = NO;
				CLANG_CXX_LANGUAGE_STANDARD = "gnu++0x";
				CLANG_CXX_LIBRARY = "libc++";
				CLANG_ENABLE_MODULES = YES;
				CLANG_ENABLE_OBJC_ARC = YES;
				CLANG_WARN_BOOL_CONVERSION = YES;
				CLANG_WARN_CONSTANT_CONVERSION = YES;
				CLANG_WARN_DIRECT_OBJC_ISA_USAGE = YES_ERROR;
				CLANG_WARN_EMPTY_BODY = YES;
				CLANG_WARN_ENUM_CONVERSION = YES;
				CLANG_WARN_INT_CONVERSION = YES;
				CLANG_WARN_OBJC_ROOT_CLASS = YES_ERROR;
				CLANG_WARN_UNREACHABLE_CODE = YES;
				CLANG_WARN__DUPLICATE_METHOD_MATCH = YES;
				"CODE_SIGN_IDENTITY[sdk=iphoneos*]" = "iPhone Developer";
				COPY_PHASE_STRIP = YES;
				ENABLE_NS_ASSERTIONS = NO;
				ENABLE_STRICT_OBJC_MSGSEND = YES;
				GCC_C_LANGUAGE_STANDARD = gnu99;
				GCC_WARN_64_TO_32_BIT_CONVERSION = YES;
				GCC_WARN_ABOUT_RETURN_TYPE = YES_ERROR;
				GCC_WARN_UNDECLARED_SELECTOR = YES;
				GCC_WARN_UNINITIALIZED_AUTOS = YES_AGGRESSIVE;
				GCC_WARN_UNUSED_FUNCTION = YES;
				GCC_WARN_UNUSED_VARIABLE = YES;
				IPHONEOS_DEPLOYMENT_TARGET = 8.0;
				METAL_ENABLE_DEBUG_INFO = NO;
				SDKROOT = iphoneos;
				TARGETED_DEVICE_FAMILY = "1,2";
				VALIDATE_PRODUCT = YES;
			};
			name = Release;
		};
		1FB71EAF1961FBE60054FB44 /* Debug */ = {
			isa = XCBuildConfiguration;
			buildSettings = {
				ASSETCATALOG_COMPILER_APPICON_NAME = AppIcon;
				ASSETCATALOG_COMPILER_LAUNCHIMAGE_NAME = LaunchImage;
				INFOPLIST_FILE = MoleculeFlashcardsiOS/Info.plist;
				LD_RUNPATH_SEARCH_PATHS = "$(inherited) @executable_path/Frameworks";
				PRODUCT_NAME = "$(TARGET_NAME)";
			};
			name = Debug;
		};
		1FB71EB01961FBE60054FB44 /* Release */ = {
			isa = XCBuildConfiguration;
			buildSettings = {
				ASSETCATALOG_COMPILER_APPICON_NAME = AppIcon;
				ASSETCATALOG_COMPILER_LAUNCHIMAGE_NAME = LaunchImage;
				INFOPLIST_FILE = MoleculeFlashcardsiOS/Info.plist;
				LD_RUNPATH_SEARCH_PATHS = "$(inherited) @executable_path/Frameworks";
				PRODUCT_NAME = "$(TARGET_NAME)";
			};
			name = Release;
		};
		1FB71EB21961FBE60054FB44 /* Debug */ = {
			isa = XCBuildConfiguration;
			buildSettings = {
				BUNDLE_LOADER = "$(BUILT_PRODUCTS_DIR)/MoleculeFlashcardsiOS.app/MoleculeFlashcardsiOS";
				FRAMEWORK_SEARCH_PATHS = (
					"$(SDKROOT)/Developer/Library/Frameworks",
					"$(inherited)",
				);
				GCC_PREPROCESSOR_DEFINITIONS = (
					"DEBUG=1",
					"$(inherited)",
				);
				INFOPLIST_FILE = MoleculeFlashcardsiOSTests/Info.plist;
				LD_RUNPATH_SEARCH_PATHS = "$(inherited) @executable_path/Frameworks @loader_path/Frameworks";
				METAL_ENABLE_DEBUG_INFO = YES;
				PRODUCT_NAME = "$(TARGET_NAME)";
				TEST_HOST = "$(BUNDLE_LOADER)";
			};
			name = Debug;
		};
		1FB71EB31961FBE60054FB44 /* Release */ = {
			isa = XCBuildConfiguration;
			buildSettings = {
				BUNDLE_LOADER = "$(BUILT_PRODUCTS_DIR)/MoleculeFlashcardsiOS.app/MoleculeFlashcardsiOS";
				FRAMEWORK_SEARCH_PATHS = (
					"$(SDKROOT)/Developer/Library/Frameworks",
					"$(inherited)",
				);
				INFOPLIST_FILE = MoleculeFlashcardsiOSTests/Info.plist;
				LD_RUNPATH_SEARCH_PATHS = "$(inherited) @executable_path/Frameworks @loader_path/Frameworks";
				METAL_ENABLE_DEBUG_INFO = NO;
				PRODUCT_NAME = "$(TARGET_NAME)";
				TEST_HOST = "$(BUNDLE_LOADER)";
			};
			name = Release;
		};
/* End XCBuildConfiguration section */

/* Begin XCConfigurationList section */
		1FB71E8D1961FBE60054FB44 /* Build configuration list for PBXProject "MoleculeFlashcardsiOS" */ = {
			isa = XCConfigurationList;
			buildConfigurations = (
				1FB71EAC1961FBE60054FB44 /* Debug */,
				1FB71EAD1961FBE60054FB44 /* Release */,
			);
			defaultConfigurationIsVisible = 0;
			defaultConfigurationName = Release;
		};
		1FB71EAE1961FBE60054FB44 /* Build configuration list for PBXNativeTarget "MoleculeFlashcardsiOS" */ = {
			isa = XCConfigurationList;
			buildConfigurations = (
				1FB71EAF1961FBE60054FB44 /* Debug */,
				1FB71EB01961FBE60054FB44 /* Release */,
			);
			defaultConfigurationIsVisible = 0;
			defaultConfigurationName = Release;
		};
		1FB71EB11961FBE60054FB44 /* Build configuration list for PBXNativeTarget "MoleculeFlashcardsiOSTests" */ = {
			isa = XCConfigurationList;
			buildConfigurations = (
				1FB71EB21961FBE60054FB44 /* Debug */,
				1FB71EB31961FBE60054FB44 /* Release */,
			);
			defaultConfigurationIsVisible = 0;
			defaultConfigurationName = Release;
		};
/* End XCConfigurationList section */
	};
	rootObject = 1FB71E8A1961FBE60054FB44 /* Project object */;
}
