// !$*UTF8*$!
{
	archiveVersion = 1;
	classes = {
	};
	objectVersion = 46;
	objects = {

/* Begin PBXBuildFile section */
		1F03C5111986932500FDB99F /* GameCell.swift in Sources */ = {isa = PBXBuildFile; fileRef = 1F03C5101986932500FDB99F /* GameCell.swift */; };
		1F0D92B0196312630098EB6C /* GameSelectionController.swift in Sources */ = {isa = PBXBuildFile; fileRef = 1F0D92AE196312630098EB6C /* GameSelectionController.swift */; };
		1F119B651981AA9700C4DDB8 /* ButtonViewController.swift in Sources */ = {isa = PBXBuildFile; fileRef = 1F119B641981AA9700C4DDB8 /* ButtonViewController.swift */; };
		1F16AC0619645793008BAF6F /* DescriptionController.swift in Sources */ = {isa = PBXBuildFile; fileRef = 1F16AC0519645793008BAF6F /* DescriptionController.swift */; };
		1F16AC0819645967008BAF6F /* GameController.swift in Sources */ = {isa = PBXBuildFile; fileRef = 1F16AC0719645967008BAF6F /* GameController.swift */; };
		1F285E731976DF5700B04149 /* LoginInfoManager.swift in Sources */ = {isa = PBXBuildFile; fileRef = 1F285E721976DF5700B04149 /* LoginInfoManager.swift */; };
		1F2AF5E61964411B00107698 /* Answer.swift in Sources */ = {isa = PBXBuildFile; fileRef = 1F2AF5D41964411B00107698 /* Answer.swift */; };
		1F2AF5E71964411B00107698 /* Game.swift in Sources */ = {isa = PBXBuildFile; fileRef = 1F2AF5D51964411B00107698 /* Game.swift */; };
		1F2AF5E81964411B00107698 /* Question.swift in Sources */ = {isa = PBXBuildFile; fileRef = 1F2AF5D61964411B00107698 /* Question.swift */; };
		1F2AF5E91964411B00107698 /* Request.swift in Sources */ = {isa = PBXBuildFile; fileRef = 1F2AF5D71964411B00107698 /* Request.swift */; };
		1F2AF5EA1964411B00107698 /* User.swift in Sources */ = {isa = PBXBuildFile; fileRef = 1F2AF5D81964411B00107698 /* User.swift */; };
		1F2AF5EB1964411B00107698 /* Atom.swift in Sources */ = {isa = PBXBuildFile; fileRef = 1F2AF5DA1964411B00107698 /* Atom.swift */; };
		1F2AF5EC1964411B00107698 /* Bond.swift in Sources */ = {isa = PBXBuildFile; fileRef = 1F2AF5DB1964411B00107698 /* Bond.swift */; };
		1F2AF5ED1964411B00107698 /* Molecule.swift in Sources */ = {isa = PBXBuildFile; fileRef = 1F2AF5DC1964411B00107698 /* Molecule.swift */; };
		1F2AF5EE1964411B00107698 /* SDFParser.swift in Sources */ = {isa = PBXBuildFile; fileRef = 1F2AF5DD1964411B00107698 /* SDFParser.swift */; };
		1F2AF5F11964411B00107698 /* EventLogger.swift in Sources */ = {isa = PBXBuildFile; fileRef = 1F2AF5E21964411B00107698 /* EventLogger.swift */; };
		1F2AF5F21964411B00107698 /* ImageLoader.swift in Sources */ = {isa = PBXBuildFile; fileRef = 1F2AF5E31964411B00107698 /* ImageLoader.swift */; };
		1F2AF5F31964411B00107698 /* MoleculeGeometry.swift in Sources */ = {isa = PBXBuildFile; fileRef = 1F2AF5E41964411B00107698 /* MoleculeGeometry.swift */; };
		1F2AF5F41964411B00107698 /* VecOp.swift in Sources */ = {isa = PBXBuildFile; fileRef = 1F2AF5E51964411B00107698 /* VecOp.swift */; };
		1F2E925C196C264C00549BC0 /* MoleculeController.swift in Sources */ = {isa = PBXBuildFile; fileRef = 1F2E925B196C264C00549BC0 /* MoleculeController.swift */; };
		1F344F07196EF7CB0032E4CA /* GameConstants.swift in Sources */ = {isa = PBXBuildFile; fileRef = 1F344F06196EF7CB0032E4CA /* GameConstants.swift */; };
		1F3B3C031975D26800EFFC73 /* Time.swift in Sources */ = {isa = PBXBuildFile; fileRef = 1F3B3C021975D26800EFFC73 /* Time.swift */; };
		1F7DCF65196C686C00035854 /* moleculeData.txt in Resources */ = {isa = PBXBuildFile; fileRef = 1F7DCF64196C686C00035854 /* moleculeData.txt */; };
		1F8CF7E21982BAEC004C75C9 /* HighScoreCell.swift in Sources */ = {isa = PBXBuildFile; fileRef = 1F8CF7E11982BAEC004C75C9 /* HighScoreCell.swift */; };
		1F8E973F19742D6100004622 /* HighScores.swift in Sources */ = {isa = PBXBuildFile; fileRef = 1F8E973E19742D6100004622 /* HighScores.swift */; };
		1F982D7F1986DB8900289F31 /* ErrorPrompt.swift in Sources */ = {isa = PBXBuildFile; fileRef = 1F982D7E1986DB8900289F31 /* ErrorPrompt.swift */; };
		1FA9E7D5197412EE00F873FC /* LoginController.swift in Sources */ = {isa = PBXBuildFile; fileRef = 1FA9E7D4197412EE00F873FC /* LoginController.swift */; };
		1FA9E7D71974170400F873FC /* RegisterController.swift in Sources */ = {isa = PBXBuildFile; fileRef = 1FA9E7D61974170400F873FC /* RegisterController.swift */; };
		1FA9E7D9197418FA00F873FC /* HighScoreController.swift in Sources */ = {isa = PBXBuildFile; fileRef = 1FA9E7D8197418FA00F873FC /* HighScoreController.swift */; };
		1FB71E981961FBE60054FB44 /* AppDelegate.swift in Sources */ = {isa = PBXBuildFile; fileRef = 1FB71E971961FBE60054FB44 /* AppDelegate.swift */; };
		1FB71E9D1961FBE60054FB44 /* Main.storyboard in Resources */ = {isa = PBXBuildFile; fileRef = 1FB71E9B1961FBE60054FB44 /* Main.storyboard */; };
		1FB71E9F1961FBE60054FB44 /* Images.xcassets in Resources */ = {isa = PBXBuildFile; fileRef = 1FB71E9E1961FBE60054FB44 /* Images.xcassets */; };
		1FB71EAB1961FBE60054FB44 /* MoleculeFlashcardsiOSTests.swift in Sources */ = {isa = PBXBuildFile; fileRef = 1FB71EAA1961FBE60054FB44 /* MoleculeFlashcardsiOSTests.swift */; };
		1FB71EB5196202640054FB44 /* MainController.swift in Sources */ = {isa = PBXBuildFile; fileRef = 1FB71EB4196202640054FB44 /* MainController.swift */; };
		1FDD9E8B19743D520086F5E3 /* FinalController.swift in Sources */ = {isa = PBXBuildFile; fileRef = 1FDD9E8A19743D520086F5E3 /* FinalController.swift */; };
		1FE9BCF8196DE4310090A239 /* CreditsController.swift in Sources */ = {isa = PBXBuildFile; fileRef = 1FE9BCF7196DE4310090A239 /* CreditsController.swift */; };
/* End PBXBuildFile section */

/* Begin PBXContainerItemProxy section */
		1FB71EA51961FBE60054FB44 /* PBXContainerItemProxy */ = {
			isa = PBXContainerItemProxy;
			containerPortal = 1FB71E8A1961FBE60054FB44 /* Project object */;
			proxyType = 1;
			remoteGlobalIDString = 1FB71E911961FBE60054FB44;
			remoteInfo = MoleculeFlashcardsiOS;
		};
/* End PBXContainerItemProxy section */

/* Begin PBXFileReference section */
		1F03C5101986932500FDB99F /* GameCell.swift */ = {isa = PBXFileReference; fileEncoding = 4; lastKnownFileType = sourcecode.swift; path = GameCell.swift; sourceTree = "<group>"; };
		1F0D92AE196312630098EB6C /* GameSelectionController.swift */ = {isa = PBXFileReference; fileEncoding = 4; lastKnownFileType = sourcecode.swift; path = GameSelectionController.swift; sourceTree = "<group>"; };
		1F119B641981AA9700C4DDB8 /* ButtonViewController.swift */ = {isa = PBXFileReference; fileEncoding = 4; lastKnownFileType = sourcecode.swift; path = ButtonViewController.swift; sourceTree = "<group>"; };
		1F16AC0519645793008BAF6F /* DescriptionController.swift */ = {isa = PBXFileReference; fileEncoding = 4; lastKnownFileType = sourcecode.swift; path = DescriptionController.swift; sourceTree = "<group>"; };
		1F16AC0719645967008BAF6F /* GameController.swift */ = {isa = PBXFileReference; fileEncoding = 4; lastKnownFileType = sourcecode.swift; path = GameController.swift; sourceTree = "<group>"; };
		1F285E721976DF5700B04149 /* LoginInfoManager.swift */ = {isa = PBXFileReference; fileEncoding = 4; lastKnownFileType = sourcecode.swift; path = LoginInfoManager.swift; sourceTree = "<group>"; };
		1F2AF5D41964411B00107698 /* Answer.swift */ = {isa = PBXFileReference; fileEncoding = 4; lastKnownFileType = sourcecode.swift; path = Answer.swift; sourceTree = "<group>"; };
		1F2AF5D51964411B00107698 /* Game.swift */ = {isa = PBXFileReference; fileEncoding = 4; lastKnownFileType = sourcecode.swift; path = Game.swift; sourceTree = "<group>"; };
		1F2AF5D61964411B00107698 /* Question.swift */ = {isa = PBXFileReference; fileEncoding = 4; lastKnownFileType = sourcecode.swift; path = Question.swift; sourceTree = "<group>"; };
		1F2AF5D71964411B00107698 /* Request.swift */ = {isa = PBXFileReference; fileEncoding = 4; lastKnownFileType = sourcecode.swift; path = Request.swift; sourceTree = "<group>"; };
		1F2AF5D81964411B00107698 /* User.swift */ = {isa = PBXFileReference; fileEncoding = 4; lastKnownFileType = sourcecode.swift; path = User.swift; sourceTree = "<group>"; };
		1F2AF5DA1964411B00107698 /* Atom.swift */ = {isa = PBXFileReference; fileEncoding = 4; lastKnownFileType = sourcecode.swift; path = Atom.swift; sourceTree = "<group>"; };
		1F2AF5DB1964411B00107698 /* Bond.swift */ = {isa = PBXFileReference; fileEncoding = 4; lastKnownFileType = sourcecode.swift; path = Bond.swift; sourceTree = "<group>"; };
		1F2AF5DC1964411B00107698 /* Molecule.swift */ = {isa = PBXFileReference; fileEncoding = 4; lastKnownFileType = sourcecode.swift; path = Molecule.swift; sourceTree = "<group>"; };
		1F2AF5DD1964411B00107698 /* SDFParser.swift */ = {isa = PBXFileReference; fileEncoding = 4; lastKnownFileType = sourcecode.swift; path = SDFParser.swift; sourceTree = "<group>"; };
		1F2AF5E21964411B00107698 /* EventLogger.swift */ = {isa = PBXFileReference; fileEncoding = 4; lastKnownFileType = sourcecode.swift; path = EventLogger.swift; sourceTree = "<group>"; };
		1F2AF5E31964411B00107698 /* ImageLoader.swift */ = {isa = PBXFileReference; fileEncoding = 4; lastKnownFileType = sourcecode.swift; path = ImageLoader.swift; sourceTree = "<group>"; };
		1F2AF5E41964411B00107698 /* MoleculeGeometry.swift */ = {isa = PBXFileReference; fileEncoding = 4; lastKnownFileType = sourcecode.swift; path = MoleculeGeometry.swift; sourceTree = "<group>"; };
		1F2AF5E51964411B00107698 /* VecOp.swift */ = {isa = PBXFileReference; fileEncoding = 4; lastKnownFileType = sourcecode.swift; path = VecOp.swift; sourceTree = "<group>"; };
		1F2E925B196C264C00549BC0 /* MoleculeController.swift */ = {isa = PBXFileReference; fileEncoding = 4; lastKnownFileType = sourcecode.swift; path = MoleculeController.swift; sourceTree = "<group>"; };
		1F344F06196EF7CB0032E4CA /* GameConstants.swift */ = {isa = PBXFileReference; fileEncoding = 4; lastKnownFileType = sourcecode.swift; path = GameConstants.swift; sourceTree = "<group>"; };
		1F3B3C021975D26800EFFC73 /* Time.swift */ = {isa = PBXFileReference; fileEncoding = 4; lastKnownFileType = sourcecode.swift; path = Time.swift; sourceTree = "<group>"; };
		1F7DCF64196C686C00035854 /* moleculeData.txt */ = {isa = PBXFileReference; fileEncoding = 4; lastKnownFileType = text; name = moleculeData.txt; path = assets/moleculeData.txt; sourceTree = "<group>"; };
		1F8CF7E11982BAEC004C75C9 /* HighScoreCell.swift */ = {isa = PBXFileReference; fileEncoding = 4; lastKnownFileType = sourcecode.swift; path = HighScoreCell.swift; sourceTree = "<group>"; };
		1F8E973E19742D6100004622 /* HighScores.swift */ = {isa = PBXFileReference; fileEncoding = 4; lastKnownFileType = sourcecode.swift; path = HighScores.swift; sourceTree = "<group>"; };
		1F982D7E1986DB8900289F31 /* ErrorPrompt.swift */ = {isa = PBXFileReference; fileEncoding = 4; lastKnownFileType = sourcecode.swift; path = ErrorPrompt.swift; sourceTree = "<group>"; };
		1FA9E7D4197412EE00F873FC /* LoginController.swift */ = {isa = PBXFileReference; fileEncoding = 4; lastKnownFileType = sourcecode.swift; path = LoginController.swift; sourceTree = "<group>"; };
		1FA9E7D61974170400F873FC /* RegisterController.swift */ = {isa = PBXFileReference; fileEncoding = 4; lastKnownFileType = sourcecode.swift; path = RegisterController.swift; sourceTree = "<group>"; };
		1FA9E7D8197418FA00F873FC /* HighScoreController.swift */ = {isa = PBXFileReference; fileEncoding = 4; lastKnownFileType = sourcecode.swift; path = HighScoreController.swift; sourceTree = "<group>"; };
		1FB71E921961FBE60054FB44 /* Flashcards.app */ = {isa = PBXFileReference; explicitFileType = wrapper.application; includeInIndex = 0; path = Flashcards.app; sourceTree = BUILT_PRODUCTS_DIR; };
		1FB71E961961FBE60054FB44 /* Info.plist */ = {isa = PBXFileReference; lastKnownFileType = text.plist.xml; path = Info.plist; sourceTree = "<group>"; };
		1FB71E971961FBE60054FB44 /* AppDelegate.swift */ = {isa = PBXFileReference; lastKnownFileType = sourcecode.swift; path = AppDelegate.swift; sourceTree = "<group>"; };
		1FB71E9C1961FBE60054FB44 /* Base */ = {isa = PBXFileReference; lastKnownFileType = file.storyboard; name = Base; path = Base.lproj/Main.storyboard; sourceTree = "<group>"; };
		1FB71E9E1961FBE60054FB44 /* Images.xcassets */ = {isa = PBXFileReference; lastKnownFileType = folder.assetcatalog; path = Images.xcassets; sourceTree = "<group>"; };
		1FB71EA41961FBE60054FB44 /* MoleculeFlashcardsiOSTests.xctest */ = {isa = PBXFileReference; explicitFileType = wrapper.cfbundle; includeInIndex = 0; path = MoleculeFlashcardsiOSTests.xctest; sourceTree = BUILT_PRODUCTS_DIR; };
		1FB71EA91961FBE60054FB44 /* Info.plist */ = {isa = PBXFileReference; lastKnownFileType = text.plist.xml; path = Info.plist; sourceTree = "<group>"; };
		1FB71EAA1961FBE60054FB44 /* MoleculeFlashcardsiOSTests.swift */ = {isa = PBXFileReference; lastKnownFileType = sourcecode.swift; path = MoleculeFlashcardsiOSTests.swift; sourceTree = "<group>"; };
		1FB71EB4196202640054FB44 /* MainController.swift */ = {isa = PBXFileReference; fileEncoding = 4; lastKnownFileType = sourcecode.swift; path = MainController.swift; sourceTree = "<group>"; };
		1FDD9E8A19743D520086F5E3 /* FinalController.swift */ = {isa = PBXFileReference; fileEncoding = 4; lastKnownFileType = sourcecode.swift; path = FinalController.swift; sourceTree = "<group>"; };
		1FE9BCF7196DE4310090A239 /* CreditsController.swift */ = {isa = PBXFileReference; fileEncoding = 4; lastKnownFileType = sourcecode.swift; path = CreditsController.swift; sourceTree = "<group>"; };
/* End PBXFileReference section */

/* Begin PBXFrameworksBuildPhase section */
		1FB71E8F1961FBE60054FB44 /* Frameworks */ = {
			isa = PBXFrameworksBuildPhase;
			buildActionMask = 2147483647;
			files = (
			);
			runOnlyForDeploymentPostprocessing = 0;
		};
		1FB71EA11961FBE60054FB44 /* Frameworks */ = {
			isa = PBXFrameworksBuildPhase;
			buildActionMask = 2147483647;
			files = (
			);
			runOnlyForDeploymentPostprocessing = 0;
		};
/* End PBXFrameworksBuildPhase section */

/* Begin PBXGroup section */
		1F2AF5D31964411B00107698 /* communication */ = {
			isa = PBXGroup;
			children = (
				1F2AF5D41964411B00107698 /* Answer.swift */,
				1F2AF5D51964411B00107698 /* Game.swift */,
				1F2AF5D61964411B00107698 /* Question.swift */,
				1F2AF5D71964411B00107698 /* Request.swift */,
				1F2AF5D81964411B00107698 /* User.swift */,
				1F8E973E19742D6100004622 /* HighScores.swift */,
			);
			path = communication;
			sourceTree = "<group>";
		};
		1F2AF5D91964411B00107698 /* parser */ = {
			isa = PBXGroup;
			children = (
				1F2AF5DA1964411B00107698 /* Atom.swift */,
				1F2AF5DB1964411B00107698 /* Bond.swift */,
				1F2AF5DC1964411B00107698 /* Molecule.swift */,
				1F2AF5DD1964411B00107698 /* SDFParser.swift */,
			);
			path = parser;
			sourceTree = "<group>";
		};
		1F2AF5E11964411B00107698 /* util */ = {
			isa = PBXGroup;
			children = (
				1F285E721976DF5700B04149 /* LoginInfoManager.swift */,
				1F2AF5E21964411B00107698 /* EventLogger.swift */,
				1F2AF5E31964411B00107698 /* ImageLoader.swift */,
				1F2AF5E41964411B00107698 /* MoleculeGeometry.swift */,
				1F2AF5E51964411B00107698 /* VecOp.swift */,
				1F3B3C021975D26800EFFC73 /* Time.swift */,
			);
			path = util;
			sourceTree = "<group>";
		};
		1F982D7D1986DB7400289F31 /* prompts */ = {
			isa = PBXGroup;
			children = (
				1F982D7E1986DB8900289F31 /* ErrorPrompt.swift */,
			);
			name = prompts;
			sourceTree = "<group>";
		};
		1FB71E891961FBE60054FB44 = {
			isa = PBXGroup;
			children = (
				1FB71E941961FBE60054FB44 /* MoleculeFlashcardsiOS */,
				1FB71EA71961FBE60054FB44 /* MoleculeFlashcardsiOSTests */,
				1FB71E931961FBE60054FB44 /* Products */,
			);
			sourceTree = "<group>";
		};
		1FB71E931961FBE60054FB44 /* Products */ = {
			isa = PBXGroup;
			children = (
				1FB71E921961FBE60054FB44 /* Flashcards.app */,
				1FB71EA41961FBE60054FB44 /* MoleculeFlashcardsiOSTests.xctest */,
			);
			name = Products;
			sourceTree = "<group>";
		};
		1FB71E941961FBE60054FB44 /* MoleculeFlashcardsiOS */ = {
			isa = PBXGroup;
			children = (
				1F982D7D1986DB7400289F31 /* prompts */,
				1F344F06196EF7CB0032E4CA /* GameConstants.swift */,
				1FB71E9B1961FBE60054FB44 /* Main.storyboard */,
				1FB71E971961FBE60054FB44 /* AppDelegate.swift */,
				1FB71EB4196202640054FB44 /* MainController.swift */,
				1FA9E7D4197412EE00F873FC /* LoginController.swift */,
				1FA9E7D61974170400F873FC /* RegisterController.swift */,
				1FA9E7D8197418FA00F873FC /* HighScoreController.swift */,
				1F0D92AE196312630098EB6C /* GameSelectionController.swift */,
				1F03C5101986932500FDB99F /* GameCell.swift */,
				1F8CF7E11982BAEC004C75C9 /* HighScoreCell.swift */,
				1F16AC0519645793008BAF6F /* DescriptionController.swift */,
				1F16AC0719645967008BAF6F /* GameController.swift */,
				1FDD9E8A19743D520086F5E3 /* FinalController.swift */,
				1F119B641981AA9700C4DDB8 /* ButtonViewController.swift */,
				1F2E925B196C264C00549BC0 /* MoleculeController.swift */,
				1FE9BCF7196DE4310090A239 /* CreditsController.swift */,
				1F7DCF64196C686C00035854 /* moleculeData.txt */,
				1F2AF5D31964411B00107698 /* communication */,
				1F2AF5D91964411B00107698 /* parser */,
				1F2AF5E11964411B00107698 /* util */,
				1FB71E951961FBE60054FB44 /* Supporting Files */,
				1FB71E9E1961FBE60054FB44 /* Images.xcassets */,
			);
			path = MoleculeFlashcardsiOS;
			sourceTree = "<group>";
		};
		1FB71E951961FBE60054FB44 /* Supporting Files */ = {
			isa = PBXGroup;
			children = (
				1FB71E961961FBE60054FB44 /* Info.plist */,
			);
			name = "Supporting Files";
			sourceTree = "<group>";
		};
		1FB71EA71961FBE60054FB44 /* MoleculeFlashcardsiOSTests */ = {
			isa = PBXGroup;
			children = (
				1FB71EAA1961FBE60054FB44 /* MoleculeFlashcardsiOSTests.swift */,
				1FB71EA81961FBE60054FB44 /* Supporting Files */,
			);
			path = MoleculeFlashcardsiOSTests;
			sourceTree = "<group>";
		};
		1FB71EA81961FBE60054FB44 /* Supporting Files */ = {
			isa = PBXGroup;
			children = (
				1FB71EA91961FBE60054FB44 /* Info.plist */,
			);
			name = "Supporting Files";
			sourceTree = "<group>";
		};
/* End PBXGroup section */

/* Begin PBXNativeTarget section */
		1FB71E911961FBE60054FB44 /* MoleculeFlashcardsiOS */ = {
			isa = PBXNativeTarget;
			buildConfigurationList = 1FB71EAE1961FBE60054FB44 /* Build configuration list for PBXNativeTarget "MoleculeFlashcardsiOS" */;
			buildPhases = (
				1FB71E8E1961FBE60054FB44 /* Sources */,
				1FB71E8F1961FBE60054FB44 /* Frameworks */,
				1FB71E901961FBE60054FB44 /* Resources */,
			);
			buildRules = (
			);
			dependencies = (
			);
			name = MoleculeFlashcardsiOS;
			productName = MoleculeFlashcardsiOS;
			productReference = 1FB71E921961FBE60054FB44 /* Flashcards.app */;
			productType = "com.apple.product-type.application";
		};
		1FB71EA31961FBE60054FB44 /* MoleculeFlashcardsiOSTests */ = {
			isa = PBXNativeTarget;
			buildConfigurationList = 1FB71EB11961FBE60054FB44 /* Build configuration list for PBXNativeTarget "MoleculeFlashcardsiOSTests" */;
			buildPhases = (
				1FB71EA01961FBE60054FB44 /* Sources */,
				1FB71EA11961FBE60054FB44 /* Frameworks */,
				1FB71EA21961FBE60054FB44 /* Resources */,
			);
			buildRules = (
			);
			dependencies = (
				1FB71EA61961FBE60054FB44 /* PBXTargetDependency */,
			);
			name = MoleculeFlashcardsiOSTests;
			productName = MoleculeFlashcardsiOSTests;
			productReference = 1FB71EA41961FBE60054FB44 /* MoleculeFlashcardsiOSTests.xctest */;
			productType = "com.apple.product-type.bundle.unit-test";
		};
/* End PBXNativeTarget section */

/* Begin PBXProject section */
		1FB71E8A1961FBE60054FB44 /* Project object */ = {
			isa = PBXProject;
			attributes = {
				LastUpgradeCheck = 0600;
				ORGANIZATIONNAME = exscitech;
				TargetAttributes = {
					1FB71E911961FBE60054FB44 = {
						CreatedOnToolsVersion = 6.0;
					};
					1FB71EA31961FBE60054FB44 = {
						CreatedOnToolsVersion = 6.0;
						TestTargetID = 1FB71E911961FBE60054FB44;
					};
				};
			};
			buildConfigurationList = 1FB71E8D1961FBE60054FB44 /* Build configuration list for PBXProject "Flashcards" */;
			compatibilityVersion = "Xcode 3.2";
			developmentRegion = English;
			hasScannedForEncodings = 0;
			knownRegions = (
				en,
				Base,
			);
			mainGroup = 1FB71E891961FBE60054FB44;
			productRefGroup = 1FB71E931961FBE60054FB44 /* Products */;
			projectDirPath = "";
			projectRoot = "";
			targets = (
				1FB71E911961FBE60054FB44 /* MoleculeFlashcardsiOS */,
				1FB71EA31961FBE60054FB44 /* MoleculeFlashcardsiOSTests */,
			);
		};
/* End PBXProject section */

/* Begin PBXResourcesBuildPhase section */
		1FB71E901961FBE60054FB44 /* Resources */ = {
			isa = PBXResourcesBuildPhase;
			buildActionMask = 2147483647;
			files = (
				1FB71E9D1961FBE60054FB44 /* Main.storyboard in Resources */,
				1FB71E9F1961FBE60054FB44 /* Images.xcassets in Resources */,
				1F7DCF65196C686C00035854 /* moleculeData.txt in Resources */,
			);
			runOnlyForDeploymentPostprocessing = 0;
		};
		1FB71EA21961FBE60054FB44 /* Resources */ = {
			isa = PBXResourcesBuildPhase;
			buildActionMask = 2147483647;
			files = (
			);
			runOnlyForDeploymentPostprocessing = 0;
		};
/* End PBXResourcesBuildPhase section */

/* Begin PBXSourcesBuildPhase section */
		1FB71E8E1961FBE60054FB44 /* Sources */ = {
			isa = PBXSourcesBuildPhase;
			buildActionMask = 2147483647;
			files = (
				1F2AF5F21964411B00107698 /* ImageLoader.swift in Sources */,
				1F16AC0819645967008BAF6F /* GameController.swift in Sources */,
				1F2AF5F41964411B00107698 /* VecOp.swift in Sources */,
				1F16AC0619645793008BAF6F /* DescriptionController.swift in Sources */,
				1F344F07196EF7CB0032E4CA /* GameConstants.swift in Sources */,
				1FE9BCF8196DE4310090A239 /* CreditsController.swift in Sources */,
				1FB71EB5196202640054FB44 /* MainController.swift in Sources */,
				1FDD9E8B19743D520086F5E3 /* FinalController.swift in Sources */,
				1F2AF5E71964411B00107698 /* Game.swift in Sources */,
				1F2AF5E81964411B00107698 /* Question.swift in Sources */,
				1F285E731976DF5700B04149 /* LoginInfoManager.swift in Sources */,
				1F3B3C031975D26800EFFC73 /* Time.swift in Sources */,
				1F8CF7E21982BAEC004C75C9 /* HighScoreCell.swift in Sources */,
				1F2AF5F31964411B00107698 /* MoleculeGeometry.swift in Sources */,
				1F2AF5ED1964411B00107698 /* Molecule.swift in Sources */,
				1F2AF5EE1964411B00107698 /* SDFParser.swift in Sources */,
				1FA9E7D71974170400F873FC /* RegisterController.swift in Sources */,
				1F2AF5F11964411B00107698 /* EventLogger.swift in Sources */,
				1F2AF5E91964411B00107698 /* Request.swift in Sources */,
				1FB71E981961FBE60054FB44 /* AppDelegate.swift in Sources */,
				1F2AF5E61964411B00107698 /* Answer.swift in Sources */,
				1F8E973F19742D6100004622 /* HighScores.swift in Sources */,
				1FA9E7D5197412EE00F873FC /* LoginController.swift in Sources */,
				1F2AF5EC1964411B00107698 /* Bond.swift in Sources */,
				1F982D7F1986DB8900289F31 /* ErrorPrompt.swift in Sources */,
				1F0D92B0196312630098EB6C /* GameSelectionController.swift in Sources */,
				1F2AF5EB1964411B00107698 /* Atom.swift in Sources */,
				1F2E925C196C264C00549BC0 /* MoleculeController.swift in Sources */,
				1FA9E7D9197418FA00F873FC /* HighScoreController.swift in Sources */,
				1F119B651981AA9700C4DDB8 /* ButtonViewController.swift in Sources */,
				1F03C5111986932500FDB99F /* GameCell.swift in Sources */,
				1F2AF5EA1964411B00107698 /* User.swift in Sources */,
			);
			runOnlyForDeploymentPostprocessing = 0;
		};
		1FB71EA01961FBE60054FB44 /* Sources */ = {
			isa = PBXSourcesBuildPhase;
			buildActionMask = 2147483647;
			files = (
				1FB71EAB1961FBE60054FB44 /* MoleculeFlashcardsiOSTests.swift in Sources */,
			);
			runOnlyForDeploymentPostprocessing = 0;
		};
/* End PBXSourcesBuildPhase section */

/* Begin PBXTargetDependency section */
		1FB71EA61961FBE60054FB44 /* PBXTargetDependency */ = {
			isa = PBXTargetDependency;
			target = 1FB71E911961FBE60054FB44 /* MoleculeFlashcardsiOS */;
			targetProxy = 1FB71EA51961FBE60054FB44 /* PBXContainerItemProxy */;
		};
/* End PBXTargetDependency section */

/* Begin PBXVariantGroup section */
		1FB71E9B1961FBE60054FB44 /* Main.storyboard */ = {
			isa = PBXVariantGroup;
			children = (
				1FB71E9C1961FBE60054FB44 /* Base */,
			);
			name = Main.storyboard;
			sourceTree = "<group>";
		};
/* End PBXVariantGroup section */

/* Begin XCBuildConfiguration section */
		1FB71EAC1961FBE60054FB44 /* Debug */ = {
			isa = XCBuildConfiguration;
			buildSettings = {
				ALWAYS_SEARCH_USER_PATHS = NO;
				CLANG_CXX_LANGUAGE_STANDARD = "gnu++0x";
				CLANG_CXX_LIBRARY = "libc++";
				CLANG_ENABLE_MODULES = YES;
				CLANG_ENABLE_OBJC_ARC = YES;
				CLANG_WARN_BOOL_CONVERSION = YES;
				CLANG_WARN_CONSTANT_CONVERSION = YES;
				CLANG_WARN_DIRECT_OBJC_ISA_USAGE = YES_ERROR;
				CLANG_WARN_EMPTY_BODY = YES;
				CLANG_WARN_ENUM_CONVERSION = YES;
				CLANG_WARN_INT_CONVERSION = YES;
				CLANG_WARN_OBJC_ROOT_CLASS = YES_ERROR;
				CLANG_WARN_UNREACHABLE_CODE = YES;
				CLANG_WARN__DUPLICATE_METHOD_MATCH = YES;
				"CODE_SIGN_IDENTITY[sdk=iphoneos*]" = "iPhone Developer";
				COPY_PHASE_STRIP = NO;
				ENABLE_STRICT_OBJC_MSGSEND = YES;
				GCC_C_LANGUAGE_STANDARD = gnu99;
				GCC_DYNAMIC_NO_PIC = NO;
				GCC_OPTIMIZATION_LEVEL = 0;
				GCC_PREPROCESSOR_DEFINITIONS = (
					"DEBUG=1",
					"$(inherited)",
				);
				GCC_SYMBOLS_PRIVATE_EXTERN = NO;
				GCC_WARN_64_TO_32_BIT_CONVERSION = YES;
				GCC_WARN_ABOUT_RETURN_TYPE = YES_ERROR;
				GCC_WARN_UNDECLARED_SELECTOR = YES;
				GCC_WARN_UNINITIALIZED_AUTOS = YES_AGGRESSIVE;
				GCC_WARN_UNUSED_FUNCTION = YES;
				GCC_WARN_UNUSED_VARIABLE = YES;
				IPHONEOS_DEPLOYMENT_TARGET = 8.0;
				METAL_ENABLE_DEBUG_INFO = YES;
				ONLY_ACTIVE_ARCH = YES;
				SDKROOT = iphoneos;
				SWIFT_OPTIMIZATION_LEVEL = "-Onone";
				TARGETED_DEVICE_FAMILY = "1,2";
			};
			name = Debug;
		};
		1FB71EAD1961FBE60054FB44 /* Release */ = {
			isa = XCBuildConfiguration;
			buildSettings = {
				ALWAYS_SEARCH_USER_PATHS = NO;
				CLANG_CXX_LANGUAGE_STANDARD = "gnu++0x";
				CLANG_CXX_LIBRARY = "libc++";
				CLANG_ENABLE_MODULES = YES;
				CLANG_ENABLE_OBJC_ARC = YES;
				CLANG_WARN_BOOL_CONVERSION = YES;
				CLANG_WARN_CONSTANT_CONVERSION = YES;
				CLANG_WARN_DIRECT_OBJC_ISA_USAGE = YES_ERROR;
				CLANG_WARN_EMPTY_BODY = YES;
				CLANG_WARN_ENUM_CONVERSION = YES;
				CLANG_WARN_INT_CONVERSION = YES;
				CLANG_WARN_OBJC_ROOT_CLASS = YES_ERROR;
				CLANG_WARN_UNREACHABLE_CODE = YES;
				CLANG_WARN__DUPLICATE_METHOD_MATCH = YES;
				"CODE_SIGN_IDENTITY[sdk=iphoneos*]" = "iPhone Developer";
				COPY_PHASE_STRIP = YES;
				ENABLE_NS_ASSERTIONS = NO;
				ENABLE_STRICT_OBJC_MSGSEND = YES;
				GCC_C_LANGUAGE_STANDARD = gnu99;
				GCC_WARN_64_TO_32_BIT_CONVERSION = YES;
				GCC_WARN_ABOUT_RETURN_TYPE = YES_ERROR;
				GCC_WARN_UNDECLARED_SELECTOR = YES;
				GCC_WARN_UNINITIALIZED_AUTOS = YES_AGGRESSIVE;
				GCC_WARN_UNUSED_FUNCTION = YES;
				GCC_WARN_UNUSED_VARIABLE = YES;
				IPHONEOS_DEPLOYMENT_TARGET = 8.0;
				METAL_ENABLE_DEBUG_INFO = NO;
				SDKROOT = iphoneos;
				TARGETED_DEVICE_FAMILY = "1,2";
				VALIDATE_PRODUCT = YES;
			};
			name = Release;
		};
		1FB71EAF1961FBE60054FB44 /* Debug */ = {
			isa = XCBuildConfiguration;
			buildSettings = {
				ASSETCATALOG_COMPILER_APPICON_NAME = AppIcon;
				ASSETCATALOG_COMPILER_LAUNCHIMAGE_NAME = LaunchImage;
				INFOPLIST_FILE = MoleculeFlashcardsiOS/Info.plist;
				LD_RUNPATH_SEARCH_PATHS = "$(inherited) @executable_path/Frameworks";
				PRODUCT_NAME = Flashcards;
				TARGETED_DEVICE_FAMILY = "1,2";
			};
			name = Debug;
		};
		1FB71EB01961FBE60054FB44 /* Release */ = {
			isa = XCBuildConfiguration;
			buildSettings = {
				ASSETCATALOG_COMPILER_APPICON_NAME = AppIcon;
				ASSETCATALOG_COMPILER_LAUNCHIMAGE_NAME = LaunchImage;
				INFOPLIST_FILE = MoleculeFlashcardsiOS/Info.plist;
				LD_RUNPATH_SEARCH_PATHS = "$(inherited) @executable_path/Frameworks";
				PRODUCT_NAME = Flashcards;
				TARGETED_DEVICE_FAMILY = "1,2";
			};
			name = Release;
		};
		1FB71EB21961FBE60054FB44 /* Debug */ = {
			isa = XCBuildConfiguration;
			buildSettings = {
				BUNDLE_LOADER = "$(BUILT_PRODUCTS_DIR)/Flashcards.app/Flashcards";
				FRAMEWORK_SEARCH_PATHS = (
					"$(SDKROOT)/Developer/Library/Frameworks",
					"$(inherited)",
				);
				GCC_PREPROCESSOR_DEFINITIONS = (
					"DEBUG=1",
					"$(inherited)",
				);
				INFOPLIST_FILE = MoleculeFlashcardsiOSTests/Info.plist;
				LD_RUNPATH_SEARCH_PATHS = "$(inherited) @executable_path/Frameworks @loader_path/Frameworks";
				METAL_ENABLE_DEBUG_INFO = YES;
				PRODUCT_NAME = "$(TARGET_NAME)";
				TEST_HOST = "$(BUNDLE_LOADER)";
			};
			name = Debug;
		};
		1FB71EB31961FBE60054FB44 /* Release */ = {
			isa = XCBuildConfiguration;
			buildSettings = {
				BUNDLE_LOADER = "$(BUILT_PRODUCTS_DIR)/Flashcards.app/Flashcards";
				FRAMEWORK_SEARCH_PATHS = (
					"$(SDKROOT)/Developer/Library/Frameworks",
					"$(inherited)",
				);
				INFOPLIST_FILE = MoleculeFlashcardsiOSTests/Info.plist;
				LD_RUNPATH_SEARCH_PATHS = "$(inherited) @executable_path/Frameworks @loader_path/Frameworks";
				METAL_ENABLE_DEBUG_INFO = NO;
				PRODUCT_NAME = "$(TARGET_NAME)";
				TEST_HOST = "$(BUNDLE_LOADER)";
			};
			name = Release;
		};
/* End XCBuildConfiguration section */

/* Begin XCConfigurationList section */
		1FB71E8D1961FBE60054FB44 /* Build configuration list for PBXProject "Flashcards" */ = {
			isa = XCConfigurationList;
			buildConfigurations = (
				1FB71EAC1961FBE60054FB44 /* Debug */,
				1FB71EAD1961FBE60054FB44 /* Release */,
			);
			defaultConfigurationIsVisible = 0;
			defaultConfigurationName = Release;
		};
		1FB71EAE1961FBE60054FB44 /* Build configuration list for PBXNativeTarget "MoleculeFlashcardsiOS" */ = {
			isa = XCConfigurationList;
			buildConfigurations = (
				1FB71EAF1961FBE60054FB44 /* Debug */,
				1FB71EB01961FBE60054FB44 /* Release */,
			);
			defaultConfigurationIsVisible = 0;
			defaultConfigurationName = Release;
		};
		1FB71EB11961FBE60054FB44 /* Build configuration list for PBXNativeTarget "MoleculeFlashcardsiOSTests" */ = {
			isa = XCConfigurationList;
			buildConfigurations = (
				1FB71EB21961FBE60054FB44 /* Debug */,
				1FB71EB31961FBE60054FB44 /* Release */,
			);
			defaultConfigurationIsVisible = 0;
			defaultConfigurationName = Release;
		};
/* End XCConfigurationList section */
	};
	rootObject = 1FB71E8A1961FBE60054FB44 /* Project object */;
}
